
Microsoft Visual Studio Solution File, Format Version 12.00
# Visual Studio Version 17
VisualStudioVersion = 17.0.31903.59
MinimumVisualStudioVersion = 10.0.40219.1
Project("{FAE04EC0-301F-11D3-BF4B-00C04F79EFBC}") = "Core", "Core\Core.csproj", "{3691B424-C421-41DA-ACBA-A87A558DB10F}"
EndProject
Project("{FAE04EC0-301F-11D3-BF4B-00C04F79EFBC}") = "Tests", "Tests\Tests.csproj", "{E4B87EFF-5A7C-4C68-B93F-B4545D30DAA4}"
EndProject
Project("{FAE04EC0-301F-11D3-BF4B-00C04F79EFBC}") = "Sandbox", "Sandbox\Sandbox.csproj", "{BD31CEC0-B9E0-4680-B3A4-C80A064A97AA}"
EndProject
Project("{FAE04EC0-301F-11D3-BF4B-00C04F79EFBC}") = "Unity", "Unity\Unity.csproj", "{959CF7CA-CFD2-4D7F-90B7-89D9CEB3717B}"
EndProject
Project("{FAE04EC0-301F-11D3-BF4B-00C04F79EFBC}") = "LiteDb", "LiteDb\LiteDb.csproj", "{2978A341-7387-4C32-952B-D830BEB9D322}"
EndProject
Global
	GlobalSection(SolutionConfigurationPlatforms) = preSolution
		Debug|Any CPU = Debug|Any CPU
		Release|Any CPU = Release|Any CPU
	EndGlobalSection
	GlobalSection(SolutionProperties) = preSolution
		HideSolutionNode = FALSE
	EndGlobalSection
	GlobalSection(ProjectConfigurationPlatforms) = postSolution
		{3691B424-C421-41DA-ACBA-A87A558DB10F}.Debug|Any CPU.ActiveCfg = Debug|Any CPU
		{3691B424-C421-41DA-ACBA-A87A558DB10F}.Debug|Any CPU.Build.0 = Debug|Any CPU
		{3691B424-C421-41DA-ACBA-A87A558DB10F}.Release|Any CPU.ActiveCfg = Release|Any CPU
		{3691B424-C421-41DA-ACBA-A87A558DB10F}.Release|Any CPU.Build.0 = Release|Any CPU
		{E4B87EFF-5A7C-4C68-B93F-B4545D30DAA4}.Debug|Any CPU.ActiveCfg = Debug|Any CPU
		{E4B87EFF-5A7C-4C68-B93F-B4545D30DAA4}.Debug|Any CPU.Build.0 = Debug|Any CPU
		{E4B87EFF-5A7C-4C68-B93F-B4545D30DAA4}.Release|Any CPU.ActiveCfg = Release|Any CPU
		{E4B87EFF-5A7C-4C68-B93F-B4545D30DAA4}.Release|Any CPU.Build.0 = Release|Any CPU
		{BD31CEC0-B9E0-4680-B3A4-C80A064A97AA}.Debug|Any CPU.ActiveCfg = Debug|Any CPU
		{BD31CEC0-B9E0-4680-B3A4-C80A064A97AA}.Debug|Any CPU.Build.0 = Debug|Any CPU
		{BD31CEC0-B9E0-4680-B3A4-C80A064A97AA}.Release|Any CPU.ActiveCfg = Release|Any CPU
		{BD31CEC0-B9E0-4680-B3A4-C80A064A97AA}.Release|Any CPU.Build.0 = Release|Any CPU
		{959CF7CA-CFD2-4D7F-90B7-89D9CEB3717B}.Debug|Any CPU.ActiveCfg = Debug|Any CPU
		{959CF7CA-CFD2-4D7F-90B7-89D9CEB3717B}.Debug|Any CPU.Build.0 = Debug|Any CPU
		{959CF7CA-CFD2-4D7F-90B7-89D9CEB3717B}.Release|Any CPU.ActiveCfg = Release|Any CPU
		{959CF7CA-CFD2-4D7F-90B7-89D9CEB3717B}.Release|Any CPU.Build.0 = Release|Any CPU
		{2978A341-7387-4C32-952B-D830BEB9D322}.Debug|Any CPU.ActiveCfg = Debug|Any CPU
		{2978A341-7387-4C32-952B-D830BEB9D322}.Debug|Any CPU.Build.0 = Debug|Any CPU
		{2978A341-7387-4C32-952B-D830BEB9D322}.Release|Any CPU.ActiveCfg = Release|Any CPU
		{2978A341-7387-4C32-952B-D830BEB9D322}.Release|Any CPU.Build.0 = Release|Any CPU
	EndGlobalSection
EndGlobal
